PODS:
  - BayEssentials (0.1.1)
  - NVActivityIndicatorView (3.6.1)
  - SnapKit (3.2.0)
  - Toaster (2.0.4)

DEPENDENCIES:
  - BayEssentials
  - NVActivityIndicatorView
  - SnapKit
  - Toaster

SPEC CHECKSUMS:
  BayEssentials: 81ed310a3c4e85c963b31d8197008c9b0188c0e5
  NVActivityIndicatorView: 9f52a7f84bf5c6a798722c450fe3c198e01c56ed
  SnapKit: 1ca44df72cfa543218d177cb8aab029d10d86ea7
  Toaster: f13031c636ef065281bc11857be9a16c7659e04f

PODFILE CHECKSUM: 3d4827bac2a31144a5bc9a672f16a5c8c8fa12ee

COCOAPODS: 1.2.1
